// !$*UTF8*$!
{
	archiveVersion = 1;
	classes = {
	};
	objectVersion = 52;
	objects = {

/* Begin PBXBuildFile section */
		173B73192622813700A3AA5C /* MenuViewController.swift in Sources */ = {isa = PBXBuildFile; fileRef = 173B73182622813700A3AA5C /* MenuViewController.swift */; };
		173B7322262290E700A3AA5C /* Scanner.swift in Sources */ = {isa = PBXBuildFile; fileRef = 173B7321262290E700A3AA5C /* Scanner.swift */; };
		173B732A2622A1F300A3AA5C /* Message.swift in Sources */ = {isa = PBXBuildFile; fileRef = 173B73292622A1F300A3AA5C /* Message.swift */; };
		173B73492622CC5C00A3AA5C /* HomeViewController.swift in Sources */ = {isa = PBXBuildFile; fileRef = 173B73482622CC5C00A3AA5C /* HomeViewController.swift */; };
		173B73552622D9DE00A3AA5C /* ScannerViewController.swift in Sources */ = {isa = PBXBuildFile; fileRef = 173B73542622D9DE00A3AA5C /* ScannerViewController.swift */; };
		17590C772623DC1F0084F3FF /* SideMenu.swift in Sources */ = {isa = PBXBuildFile; fileRef = 17590C762623DC1F0084F3FF /* SideMenu.swift */; };
		17590C7C2623DC6B0084F3FF /* SensoresViewController.swift in Sources */ = {isa = PBXBuildFile; fileRef = 17590C7B2623DC6B0084F3FF /* SensoresViewController.swift */; };
		17590C812623DC780084F3FF /* LocacionesViewController.swift in Sources */ = {isa = PBXBuildFile; fileRef = 17590C802623DC780084F3FF /* LocacionesViewController.swift */; };
		17590C862623DC870084F3FF /* AjustesViewController.swift in Sources */ = {isa = PBXBuildFile; fileRef = 17590C852623DC870084F3FF /* AjustesViewController.swift */; };
		17EA3A962613A59100912D0B /* AppDelegate.swift in Sources */ = {isa = PBXBuildFile; fileRef = 17EA3A952613A59100912D0B /* AppDelegate.swift */; };
		17EA3A982613A59100912D0B /* SceneDelegate.swift in Sources */ = {isa = PBXBuildFile; fileRef = 17EA3A972613A59100912D0B /* SceneDelegate.swift */; };
		17EA3A9D2613A59100912D0B /* Main.storyboard in Resources */ = {isa = PBXBuildFile; fileRef = 17EA3A9B2613A59100912D0B /* Main.storyboard */; };
		17EA3A9F2613A59200912D0B /* Assets.xcassets in Resources */ = {isa = PBXBuildFile; fileRef = 17EA3A9E2613A59200912D0B /* Assets.xcassets */; };
		17EA3AA22613A59200912D0B /* LaunchScreen.storyboard in Resources */ = {isa = PBXBuildFile; fileRef = 17EA3AA02613A59200912D0B /* LaunchScreen.storyboard */; };
		17EA3AAD2613A59200912D0B /* SeguridAppTests.swift in Sources */ = {isa = PBXBuildFile; fileRef = 17EA3AAC2613A59200912D0B /* SeguridAppTests.swift */; };
		17EA3AB82613A59200912D0B /* SeguridAppUITests.swift in Sources */ = {isa = PBXBuildFile; fileRef = 17EA3AB72613A59200912D0B /* SeguridAppUITests.swift */; };
		17EA3AC92613B45700912D0B /* fondo_gris.jpg in Resources */ = {isa = PBXBuildFile; fileRef = 17EA3AC82613B45700912D0B /* fondo_gris.jpg */; };
		17EA3B132613B63800912D0B /* Raleway-Black.ttf in Resources */ = {isa = PBXBuildFile; fileRef = 17EA3B042613B5DA00912D0B /* Raleway-Black.ttf */; };
		17EA3B172613B63E00912D0B /* Raleway-BlackItalic.ttf in Resources */ = {isa = PBXBuildFile; fileRef = 17EA3B082613B5DA00912D0B /* Raleway-BlackItalic.ttf */; };
		17EA3B1B2613B64100912D0B /* Raleway-Bold.ttf in Resources */ = {isa = PBXBuildFile; fileRef = 17EA3B0E2613B5DA00912D0B /* Raleway-Bold.ttf */; };
		17EA3B1F2613B64400912D0B /* Raleway-BoldItalic.ttf in Resources */ = {isa = PBXBuildFile; fileRef = 17EA3B0F2613B5DA00912D0B /* Raleway-BoldItalic.ttf */; };
		17EA3B232613B64800912D0B /* Raleway-ExtraBold.ttf in Resources */ = {isa = PBXBuildFile; fileRef = 17EA3AFE2613B5DA00912D0B /* Raleway-ExtraBold.ttf */; };
		17EA3B272613B64C00912D0B /* Raleway-ExtraBoldItalic.ttf in Resources */ = {isa = PBXBuildFile; fileRef = 17EA3B0C2613B5DA00912D0B /* Raleway-ExtraBoldItalic.ttf */; };
		17EA3B2B2613B64F00912D0B /* Raleway-ExtraLight.ttf in Resources */ = {isa = PBXBuildFile; fileRef = 17EA3B012613B5DA00912D0B /* Raleway-ExtraLight.ttf */; };
		17EA3B2F2613B65200912D0B /* Raleway-ExtraLightItalic.ttf in Resources */ = {isa = PBXBuildFile; fileRef = 17EA3B072613B5DA00912D0B /* Raleway-ExtraLightItalic.ttf */; };
		17EA3B332613B65400912D0B /* Raleway-Italic.ttf in Resources */ = {isa = PBXBuildFile; fileRef = 17EA3AFD2613B5DA00912D0B /* Raleway-Italic.ttf */; };
		17EA3B372613B65700912D0B /* Raleway-Light.ttf in Resources */ = {isa = PBXBuildFile; fileRef = 17EA3B022613B5DA00912D0B /* Raleway-Light.ttf */; };
		17EA3B3B2613B65A00912D0B /* Raleway-LightItalic.ttf in Resources */ = {isa = PBXBuildFile; fileRef = 17EA3B052613B5DA00912D0B /* Raleway-LightItalic.ttf */; };
		17EA3B3F2613B65D00912D0B /* Raleway-Medium.ttf in Resources */ = {isa = PBXBuildFile; fileRef = 17EA3B092613B5DA00912D0B /* Raleway-Medium.ttf */; };
		17EA3B432613B66000912D0B /* Raleway-MediumItalic.ttf in Resources */ = {isa = PBXBuildFile; fileRef = 17EA3AFF2613B5DA00912D0B /* Raleway-MediumItalic.ttf */; };
		17EA3B472613B66300912D0B /* Raleway-Regular.ttf in Resources */ = {isa = PBXBuildFile; fileRef = 17EA3B032613B5DA00912D0B /* Raleway-Regular.ttf */; };
		17EA3B4B2613B66700912D0B /* Raleway-SemiBold.ttf in Resources */ = {isa = PBXBuildFile; fileRef = 17EA3B0D2613B5DA00912D0B /* Raleway-SemiBold.ttf */; };
		17EA3B4F2613B66A00912D0B /* Raleway-SemiBoldItalic.ttf in Resources */ = {isa = PBXBuildFile; fileRef = 17EA3B0A2613B5DA00912D0B /* Raleway-SemiBoldItalic.ttf */; };
		17EA3B532613B66E00912D0B /* Raleway-Thin.ttf in Resources */ = {isa = PBXBuildFile; fileRef = 17EA3B0B2613B5DA00912D0B /* Raleway-Thin.ttf */; };
		17EA3B572613B67200912D0B /* Raleway-ThinItalic.ttf in Resources */ = {isa = PBXBuildFile; fileRef = 17EA3B062613B5DA00912D0B /* Raleway-ThinItalic.ttf */; };
		2006F347743A385442909748 /* Pods_SeguridApp.framework in Frameworks */ = {isa = PBXBuildFile; fileRef = B7054A107E10E7A8F32C4D23 /* Pods_SeguridApp.framework */; };
		9C995D6E0313B14F68FAC32F /* Pods_SeguridAppTests.framework in Frameworks */ = {isa = PBXBuildFile; fileRef = 1CD49BB0567BFC8C69DCBF8C /* Pods_SeguridAppTests.framework */; };
		CE3D9F1B9F607C707E2A8BE3 /* Pods_SeguridApp_SeguridAppUITests.framework in Frameworks */ = {isa = PBXBuildFile; fileRef = 733A538F5E968237D43FA757 /* Pods_SeguridApp_SeguridAppUITests.framework */; };
/* End PBXBuildFile section */

/* Begin PBXContainerItemProxy section */
		17EA3AA92613A59200912D0B /* PBXContainerItemProxy */ = {
			isa = PBXContainerItemProxy;
			containerPortal = 17EA3A8A2613A59100912D0B /* Project object */;
			proxyType = 1;
			remoteGlobalIDString = 17EA3A912613A59100912D0B;
			remoteInfo = SeguridApp;
		};
		17EA3AB42613A59200912D0B /* PBXContainerItemProxy */ = {
			isa = PBXContainerItemProxy;
			containerPortal = 17EA3A8A2613A59100912D0B /* Project object */;
			proxyType = 1;
			remoteGlobalIDString = 17EA3A912613A59100912D0B;
			remoteInfo = SeguridApp;
		};
/* End PBXContainerItemProxy section */

/* Begin PBXFileReference section */
		173B73182622813700A3AA5C /* MenuViewController.swift */ = {isa = PBXFileReference; lastKnownFileType = sourcecode.swift; path = MenuViewController.swift; sourceTree = "<group>"; };
		173B7321262290E700A3AA5C /* Scanner.swift */ = {isa = PBXFileReference; lastKnownFileType = sourcecode.swift; path = Scanner.swift; sourceTree = "<group>"; };
		173B73292622A1F300A3AA5C /* Message.swift */ = {isa = PBXFileReference; lastKnownFileType = sourcecode.swift; path = Message.swift; sourceTree = "<group>"; };
		173B73482622CC5C00A3AA5C /* HomeViewController.swift */ = {isa = PBXFileReference; lastKnownFileType = sourcecode.swift; path = HomeViewController.swift; sourceTree = "<group>"; };
		173B73542622D9DE00A3AA5C /* ScannerViewController.swift */ = {isa = PBXFileReference; lastKnownFileType = sourcecode.swift; path = ScannerViewController.swift; sourceTree = "<group>"; };
		17590C762623DC1F0084F3FF /* SideMenu.swift */ = {isa = PBXFileReference; lastKnownFileType = sourcecode.swift; path = SideMenu.swift; sourceTree = "<group>"; };
		17590C7B2623DC6B0084F3FF /* SensoresViewController.swift */ = {isa = PBXFileReference; lastKnownFileType = sourcecode.swift; path = SensoresViewController.swift; sourceTree = "<group>"; };
		17590C802623DC780084F3FF /* LocacionesViewController.swift */ = {isa = PBXFileReference; lastKnownFileType = sourcecode.swift; path = LocacionesViewController.swift; sourceTree = "<group>"; };
		17590C852623DC870084F3FF /* AjustesViewController.swift */ = {isa = PBXFileReference; lastKnownFileType = sourcecode.swift; path = AjustesViewController.swift; sourceTree = "<group>"; };
		17EA3A922613A59100912D0B /* SeguridApp.app */ = {isa = PBXFileReference; explicitFileType = wrapper.application; includeInIndex = 0; path = SeguridApp.app; sourceTree = BUILT_PRODUCTS_DIR; };
		17EA3A952613A59100912D0B /* AppDelegate.swift */ = {isa = PBXFileReference; lastKnownFileType = sourcecode.swift; path = AppDelegate.swift; sourceTree = "<group>"; };
		17EA3A972613A59100912D0B /* SceneDelegate.swift */ = {isa = PBXFileReference; lastKnownFileType = sourcecode.swift; path = SceneDelegate.swift; sourceTree = "<group>"; };
		17EA3A9C2613A59100912D0B /* Base */ = {isa = PBXFileReference; lastKnownFileType = file.storyboard; name = Base; path = Base.lproj/Main.storyboard; sourceTree = "<group>"; };
		17EA3A9E2613A59200912D0B /* Assets.xcassets */ = {isa = PBXFileReference; lastKnownFileType = folder.assetcatalog; path = Assets.xcassets; sourceTree = "<group>"; };
		17EA3AA12613A59200912D0B /* Base */ = {isa = PBXFileReference; lastKnownFileType = file.storyboard; name = Base; path = Base.lproj/LaunchScreen.storyboard; sourceTree = "<group>"; };
		17EA3AA32613A59200912D0B /* Info.plist */ = {isa = PBXFileReference; lastKnownFileType = text.plist.xml; path = Info.plist; sourceTree = "<group>"; };
		17EA3AA82613A59200912D0B /* SeguridAppTests.xctest */ = {isa = PBXFileReference; explicitFileType = wrapper.cfbundle; includeInIndex = 0; path = SeguridAppTests.xctest; sourceTree = BUILT_PRODUCTS_DIR; };
		17EA3AAC2613A59200912D0B /* SeguridAppTests.swift */ = {isa = PBXFileReference; lastKnownFileType = sourcecode.swift; path = SeguridAppTests.swift; sourceTree = "<group>"; };
		17EA3AAE2613A59200912D0B /* Info.plist */ = {isa = PBXFileReference; lastKnownFileType = text.plist.xml; path = Info.plist; sourceTree = "<group>"; };
		17EA3AB32613A59200912D0B /* SeguridAppUITests.xctest */ = {isa = PBXFileReference; explicitFileType = wrapper.cfbundle; includeInIndex = 0; path = SeguridAppUITests.xctest; sourceTree = BUILT_PRODUCTS_DIR; };
		17EA3AB72613A59200912D0B /* SeguridAppUITests.swift */ = {isa = PBXFileReference; lastKnownFileType = sourcecode.swift; path = SeguridAppUITests.swift; sourceTree = "<group>"; };
		17EA3AB92613A59200912D0B /* Info.plist */ = {isa = PBXFileReference; lastKnownFileType = text.plist.xml; path = Info.plist; sourceTree = "<group>"; };
		17EA3AC82613B45700912D0B /* fondo_gris.jpg */ = {isa = PBXFileReference; lastKnownFileType = image.jpeg; name = fondo_gris.jpg; path = ../../../Downloads/fondo_gris.jpg; sourceTree = "<group>"; };
		17EA3ACF2613B46C00912D0B /* fondo_gris.jpg */ = {isa = PBXFileReference; lastKnownFileType = image.jpeg; path = fondo_gris.jpg; sourceTree = "<group>"; };
		17EA3AFD2613B5DA00912D0B /* Raleway-Italic.ttf */ = {isa = PBXFileReference; lastKnownFileType = file; path = "Raleway-Italic.ttf"; sourceTree = "<group>"; };
		17EA3AFE2613B5DA00912D0B /* Raleway-ExtraBold.ttf */ = {isa = PBXFileReference; lastKnownFileType = file; path = "Raleway-ExtraBold.ttf"; sourceTree = "<group>"; };
		17EA3AFF2613B5DA00912D0B /* Raleway-MediumItalic.ttf */ = {isa = PBXFileReference; lastKnownFileType = file; path = "Raleway-MediumItalic.ttf"; sourceTree = "<group>"; };
		17EA3B002613B5DA00912D0B /* SIL Open Font License.txt */ = {isa = PBXFileReference; lastKnownFileType = text; path = "SIL Open Font License.txt"; sourceTree = "<group>"; };
		17EA3B012613B5DA00912D0B /* Raleway-ExtraLight.ttf */ = {isa = PBXFileReference; lastKnownFileType = file; path = "Raleway-ExtraLight.ttf"; sourceTree = "<group>"; };
		17EA3B022613B5DA00912D0B /* Raleway-Light.ttf */ = {isa = PBXFileReference; lastKnownFileType = file; path = "Raleway-Light.ttf"; sourceTree = "<group>"; };
		17EA3B032613B5DA00912D0B /* Raleway-Regular.ttf */ = {isa = PBXFileReference; lastKnownFileType = file; path = "Raleway-Regular.ttf"; sourceTree = "<group>"; };
		17EA3B042613B5DA00912D0B /* Raleway-Black.ttf */ = {isa = PBXFileReference; lastKnownFileType = file; path = "Raleway-Black.ttf"; sourceTree = "<group>"; };
		17EA3B052613B5DA00912D0B /* Raleway-LightItalic.ttf */ = {isa = PBXFileReference; lastKnownFileType = file; path = "Raleway-LightItalic.ttf"; sourceTree = "<group>"; };
		17EA3B062613B5DA00912D0B /* Raleway-ThinItalic.ttf */ = {isa = PBXFileReference; lastKnownFileType = file; path = "Raleway-ThinItalic.ttf"; sourceTree = "<group>"; };
		17EA3B072613B5DA00912D0B /* Raleway-ExtraLightItalic.ttf */ = {isa = PBXFileReference; lastKnownFileType = file; path = "Raleway-ExtraLightItalic.ttf"; sourceTree = "<group>"; };
		17EA3B082613B5DA00912D0B /* Raleway-BlackItalic.ttf */ = {isa = PBXFileReference; lastKnownFileType = file; path = "Raleway-BlackItalic.ttf"; sourceTree = "<group>"; };
		17EA3B092613B5DA00912D0B /* Raleway-Medium.ttf */ = {isa = PBXFileReference; lastKnownFileType = file; path = "Raleway-Medium.ttf"; sourceTree = "<group>"; };
		17EA3B0A2613B5DA00912D0B /* Raleway-SemiBoldItalic.ttf */ = {isa = PBXFileReference; lastKnownFileType = file; path = "Raleway-SemiBoldItalic.ttf"; sourceTree = "<group>"; };
		17EA3B0B2613B5DA00912D0B /* Raleway-Thin.ttf */ = {isa = PBXFileReference; lastKnownFileType = file; path = "Raleway-Thin.ttf"; sourceTree = "<group>"; };
		17EA3B0C2613B5DA00912D0B /* Raleway-ExtraBoldItalic.ttf */ = {isa = PBXFileReference; lastKnownFileType = file; path = "Raleway-ExtraBoldItalic.ttf"; sourceTree = "<group>"; };
		17EA3B0D2613B5DA00912D0B /* Raleway-SemiBold.ttf */ = {isa = PBXFileReference; lastKnownFileType = file; path = "Raleway-SemiBold.ttf"; sourceTree = "<group>"; };
		17EA3B0E2613B5DA00912D0B /* Raleway-Bold.ttf */ = {isa = PBXFileReference; lastKnownFileType = file; path = "Raleway-Bold.ttf"; sourceTree = "<group>"; };
		17EA3B0F2613B5DA00912D0B /* Raleway-BoldItalic.ttf */ = {isa = PBXFileReference; lastKnownFileType = file; path = "Raleway-BoldItalic.ttf"; sourceTree = "<group>"; };
		1CD49BB0567BFC8C69DCBF8C /* Pods_SeguridAppTests.framework */ = {isa = PBXFileReference; explicitFileType = wrapper.framework; includeInIndex = 0; path = Pods_SeguridAppTests.framework; sourceTree = BUILT_PRODUCTS_DIR; };
		733A538F5E968237D43FA757 /* Pods_SeguridApp_SeguridAppUITests.framework */ = {isa = PBXFileReference; explicitFileType = wrapper.framework; includeInIndex = 0; path = Pods_SeguridApp_SeguridAppUITests.framework; sourceTree = BUILT_PRODUCTS_DIR; };
		96373F5338DEC7AACE80CAA7 /* Pods-SeguridAppTests.debug.xcconfig */ = {isa = PBXFileReference; includeInIndex = 1; lastKnownFileType = text.xcconfig; name = "Pods-SeguridAppTests.debug.xcconfig"; path = "Target Support Files/Pods-SeguridAppTests/Pods-SeguridAppTests.debug.xcconfig"; sourceTree = "<group>"; };
		966F05784650D0D0230DB128 /* Pods-SeguridApp-SeguridAppUITests.debug.xcconfig */ = {isa = PBXFileReference; includeInIndex = 1; lastKnownFileType = text.xcconfig; name = "Pods-SeguridApp-SeguridAppUITests.debug.xcconfig"; path = "Target Support Files/Pods-SeguridApp-SeguridAppUITests/Pods-SeguridApp-SeguridAppUITests.debug.xcconfig"; sourceTree = "<group>"; };
		9F7B215B345F0FCF0899F565 /* Pods-SeguridAppTests.release.xcconfig */ = {isa = PBXFileReference; includeInIndex = 1; lastKnownFileType = text.xcconfig; name = "Pods-SeguridAppTests.release.xcconfig"; path = "Target Support Files/Pods-SeguridAppTests/Pods-SeguridAppTests.release.xcconfig"; sourceTree = "<group>"; };
		A29A9E7E708F9ADA7DAF679A /* Pods-SeguridApp.debug.xcconfig */ = {isa = PBXFileReference; includeInIndex = 1; lastKnownFileType = text.xcconfig; name = "Pods-SeguridApp.debug.xcconfig"; path = "Target Support Files/Pods-SeguridApp/Pods-SeguridApp.debug.xcconfig"; sourceTree = "<group>"; };
		AA32A6D06CEC142FE17AC21A /* Pods-SeguridApp.release.xcconfig */ = {isa = PBXFileReference; includeInIndex = 1; lastKnownFileType = text.xcconfig; name = "Pods-SeguridApp.release.xcconfig"; path = "Target Support Files/Pods-SeguridApp/Pods-SeguridApp.release.xcconfig"; sourceTree = "<group>"; };
		B7054A107E10E7A8F32C4D23 /* Pods_SeguridApp.framework */ = {isa = PBXFileReference; explicitFileType = wrapper.framework; includeInIndex = 0; path = Pods_SeguridApp.framework; sourceTree = BUILT_PRODUCTS_DIR; };
		C8E7FA897618CC6710BB75E3 /* Pods-SeguridApp-SeguridAppUITests.release.xcconfig */ = {isa = PBXFileReference; includeInIndex = 1; lastKnownFileType = text.xcconfig; name = "Pods-SeguridApp-SeguridAppUITests.release.xcconfig"; path = "Target Support Files/Pods-SeguridApp-SeguridAppUITests/Pods-SeguridApp-SeguridAppUITests.release.xcconfig"; sourceTree = "<group>"; };
/* End PBXFileReference section */

/* Begin PBXFrameworksBuildPhase section */
		17EA3A8F2613A59100912D0B /* Frameworks */ = {
			isa = PBXFrameworksBuildPhase;
			buildActionMask = 2147483647;
			files = (
				2006F347743A385442909748 /* Pods_SeguridApp.framework in Frameworks */,
			);
			runOnlyForDeploymentPostprocessing = 0;
		};
		17EA3AA52613A59200912D0B /* Frameworks */ = {
			isa = PBXFrameworksBuildPhase;
			buildActionMask = 2147483647;
			files = (
				9C995D6E0313B14F68FAC32F /* Pods_SeguridAppTests.framework in Frameworks */,
			);
			runOnlyForDeploymentPostprocessing = 0;
		};
		17EA3AB02613A59200912D0B /* Frameworks */ = {
			isa = PBXFrameworksBuildPhase;
			buildActionMask = 2147483647;
			files = (
				CE3D9F1B9F607C707E2A8BE3 /* Pods_SeguridApp_SeguridAppUITests.framework in Frameworks */,
			);
			runOnlyForDeploymentPostprocessing = 0;
		};
/* End PBXFrameworksBuildPhase section */

/* Begin PBXGroup section */
		13A7CC5D80637DD6D5334A78 /* Pods */ = {
			isa = PBXGroup;
			children = (
				A29A9E7E708F9ADA7DAF679A /* Pods-SeguridApp.debug.xcconfig */,
				AA32A6D06CEC142FE17AC21A /* Pods-SeguridApp.release.xcconfig */,
				966F05784650D0D0230DB128 /* Pods-SeguridApp-SeguridAppUITests.debug.xcconfig */,
				C8E7FA897618CC6710BB75E3 /* Pods-SeguridApp-SeguridAppUITests.release.xcconfig */,
				96373F5338DEC7AACE80CAA7 /* Pods-SeguridAppTests.debug.xcconfig */,
				9F7B215B345F0FCF0899F565 /* Pods-SeguridAppTests.release.xcconfig */,
			);
			path = Pods;
			sourceTree = "<group>";
		};
		17EA3A892613A59100912D0B = {
			isa = PBXGroup;
			children = (
				17EA3A942613A59100912D0B /* SeguridApp */,
				17EA3AAB2613A59200912D0B /* SeguridAppTests */,
				17EA3AB62613A59200912D0B /* SeguridAppUITests */,
				17EA3A932613A59100912D0B /* Products */,
				13A7CC5D80637DD6D5334A78 /* Pods */,
				DCB1339B3231CE86D652B929 /* Frameworks */,
			);
			sourceTree = "<group>";
		};
		17EA3A932613A59100912D0B /* Products */ = {
			isa = PBXGroup;
			children = (
				17EA3A922613A59100912D0B /* SeguridApp.app */,
				17EA3AA82613A59200912D0B /* SeguridAppTests.xctest */,
				17EA3AB32613A59200912D0B /* SeguridAppUITests.xctest */,
			);
			name = Products;
			sourceTree = "<group>";
		};
		17EA3A942613A59100912D0B /* SeguridApp */ = {
			isa = PBXGroup;
			children = (
				17EA3A952613A59100912D0B /* AppDelegate.swift */,
				17EA3A972613A59100912D0B /* SceneDelegate.swift */,
				17EA3A9B2613A59100912D0B /* Main.storyboard */,
				173B73482622CC5C00A3AA5C /* HomeViewController.swift */,
				173B73182622813700A3AA5C /* MenuViewController.swift */,
				17590C762623DC1F0084F3FF /* SideMenu.swift */,
				17590C7B2623DC6B0084F3FF /* SensoresViewController.swift */,
				17590C802623DC780084F3FF /* LocacionesViewController.swift */,
				17590C852623DC870084F3FF /* AjustesViewController.swift */,
				173B7321262290E700A3AA5C /* Scanner.swift */,
				17EA3A9E2613A59200912D0B /* Assets.xcassets */,
				17EA3AA02613A59200912D0B /* LaunchScreen.storyboard */,
				17EA3AA32613A59200912D0B /* Info.plist */,
				17EA3AFC2613B5D900912D0B /* Fonts */,
				17EA3ACE2613B46C00912D0B /* Imagenes */,
				17EA3AC82613B45700912D0B /* fondo_gris.jpg */,
				173B73292622A1F300A3AA5C /* Message.swift */,
				173B73542622D9DE00A3AA5C /* ScannerViewController.swift */,
			);
			path = SeguridApp;
			sourceTree = "<group>";
		};
		17EA3AAB2613A59200912D0B /* SeguridAppTests */ = {
			isa = PBXGroup;
			children = (
				17EA3AAC2613A59200912D0B /* SeguridAppTests.swift */,
				17EA3AAE2613A59200912D0B /* Info.plist */,
			);
			path = SeguridAppTests;
			sourceTree = "<group>";
		};
		17EA3AB62613A59200912D0B /* SeguridAppUITests */ = {
			isa = PBXGroup;
			children = (
				17EA3AB72613A59200912D0B /* SeguridAppUITests.swift */,
				17EA3AB92613A59200912D0B /* Info.plist */,
			);
			path = SeguridAppUITests;
			sourceTree = "<group>";
		};
		17EA3ACE2613B46C00912D0B /* Imagenes */ = {
			isa = PBXGroup;
			children = (
				17EA3ACF2613B46C00912D0B /* fondo_gris.jpg */,
			);
			path = Imagenes;
			sourceTree = "<group>";
		};
		17EA3AFC2613B5D900912D0B /* Fonts */ = {
			isa = PBXGroup;
			children = (
				17EA3B042613B5DA00912D0B /* Raleway-Black.ttf */,
				17EA3B082613B5DA00912D0B /* Raleway-BlackItalic.ttf */,
				17EA3B0E2613B5DA00912D0B /* Raleway-Bold.ttf */,
				17EA3B0F2613B5DA00912D0B /* Raleway-BoldItalic.ttf */,
				17EA3AFE2613B5DA00912D0B /* Raleway-ExtraBold.ttf */,
				17EA3B0C2613B5DA00912D0B /* Raleway-ExtraBoldItalic.ttf */,
				17EA3B012613B5DA00912D0B /* Raleway-ExtraLight.ttf */,
				17EA3B072613B5DA00912D0B /* Raleway-ExtraLightItalic.ttf */,
				17EA3AFD2613B5DA00912D0B /* Raleway-Italic.ttf */,
				17EA3B022613B5DA00912D0B /* Raleway-Light.ttf */,
				17EA3B052613B5DA00912D0B /* Raleway-LightItalic.ttf */,
				17EA3B092613B5DA00912D0B /* Raleway-Medium.ttf */,
				17EA3AFF2613B5DA00912D0B /* Raleway-MediumItalic.ttf */,
				17EA3B032613B5DA00912D0B /* Raleway-Regular.ttf */,
				17EA3B0D2613B5DA00912D0B /* Raleway-SemiBold.ttf */,
				17EA3B0A2613B5DA00912D0B /* Raleway-SemiBoldItalic.ttf */,
				17EA3B0B2613B5DA00912D0B /* Raleway-Thin.ttf */,
				17EA3B062613B5DA00912D0B /* Raleway-ThinItalic.ttf */,
				17EA3B002613B5DA00912D0B /* SIL Open Font License.txt */,
			);
			path = Fonts;
			sourceTree = "<group>";
		};
		DCB1339B3231CE86D652B929 /* Frameworks */ = {
			isa = PBXGroup;
			children = (
				B7054A107E10E7A8F32C4D23 /* Pods_SeguridApp.framework */,
				733A538F5E968237D43FA757 /* Pods_SeguridApp_SeguridAppUITests.framework */,
				1CD49BB0567BFC8C69DCBF8C /* Pods_SeguridAppTests.framework */,
			);
			name = Frameworks;
			sourceTree = "<group>";
		};
/* End PBXGroup section */

/* Begin PBXNativeTarget section */
		17EA3A912613A59100912D0B /* SeguridApp */ = {
			isa = PBXNativeTarget;
			buildConfigurationList = 17EA3ABC2613A59200912D0B /* Build configuration list for PBXNativeTarget "SeguridApp" */;
			buildPhases = (
				216FDB71AE5D3851AF30BF32 /* [CP] Check Pods Manifest.lock */,
				17EA3A8E2613A59100912D0B /* Sources */,
				17EA3A8F2613A59100912D0B /* Frameworks */,
				17EA3A902613A59100912D0B /* Resources */,
				E63BDAB7111F646E3AA0705E /* [CP] Embed Pods Frameworks */,
			);
			buildRules = (
			);
			dependencies = (
			);
			name = SeguridApp;
			productName = SeguridApp;
			productReference = 17EA3A922613A59100912D0B /* SeguridApp.app */;
			productType = "com.apple.product-type.application";
		};
		17EA3AA72613A59200912D0B /* SeguridAppTests */ = {
			isa = PBXNativeTarget;
			buildConfigurationList = 17EA3ABF2613A59200912D0B /* Build configuration list for PBXNativeTarget "SeguridAppTests" */;
			buildPhases = (
				A6B2D0F1A319FE6D4BCB368D /* [CP] Check Pods Manifest.lock */,
				17EA3AA42613A59200912D0B /* Sources */,
				17EA3AA52613A59200912D0B /* Frameworks */,
				17EA3AA62613A59200912D0B /* Resources */,
			);
			buildRules = (
			);
			dependencies = (
				17EA3AAA2613A59200912D0B /* PBXTargetDependency */,
			);
			name = SeguridAppTests;
			productName = SeguridAppTests;
			productReference = 17EA3AA82613A59200912D0B /* SeguridAppTests.xctest */;
			productType = "com.apple.product-type.bundle.unit-test";
		};
		17EA3AB22613A59200912D0B /* SeguridAppUITests */ = {
			isa = PBXNativeTarget;
			buildConfigurationList = 17EA3AC22613A59200912D0B /* Build configuration list for PBXNativeTarget "SeguridAppUITests" */;
			buildPhases = (
				AFD7343BDB690B5459FB305F /* [CP] Check Pods Manifest.lock */,
				17EA3AAF2613A59200912D0B /* Sources */,
				17EA3AB02613A59200912D0B /* Frameworks */,
				17EA3AB12613A59200912D0B /* Resources */,
				677CECDF3F6D029757A8909C /* [CP] Embed Pods Frameworks */,
			);
			buildRules = (
			);
			dependencies = (
				17EA3AB52613A59200912D0B /* PBXTargetDependency */,
			);
			name = SeguridAppUITests;
			productName = SeguridAppUITests;
			productReference = 17EA3AB32613A59200912D0B /* SeguridAppUITests.xctest */;
			productType = "com.apple.product-type.bundle.ui-testing";
		};
/* End PBXNativeTarget section */

/* Begin PBXProject section */
		17EA3A8A2613A59100912D0B /* Project object */ = {
			isa = PBXProject;
			attributes = {
				LastSwiftUpdateCheck = 1240;
				LastUpgradeCheck = 1240;
				TargetAttributes = {
					17EA3A912613A59100912D0B = {
						CreatedOnToolsVersion = 12.4;
					};
					17EA3AA72613A59200912D0B = {
						CreatedOnToolsVersion = 12.4;
						TestTargetID = 17EA3A912613A59100912D0B;
					};
					17EA3AB22613A59200912D0B = {
						CreatedOnToolsVersion = 12.4;
						TestTargetID = 17EA3A912613A59100912D0B;
					};
				};
			};
			buildConfigurationList = 17EA3A8D2613A59100912D0B /* Build configuration list for PBXProject "SeguridApp" */;
			compatibilityVersion = "Xcode 11.0";
			developmentRegion = en;
			hasScannedForEncodings = 0;
			knownRegions = (
				en,
				Base,
			);
			mainGroup = 17EA3A892613A59100912D0B;
			productRefGroup = 17EA3A932613A59100912D0B /* Products */;
			projectDirPath = "";
			projectRoot = "";
			targets = (
				17EA3A912613A59100912D0B /* SeguridApp */,
				17EA3AA72613A59200912D0B /* SeguridAppTests */,
				17EA3AB22613A59200912D0B /* SeguridAppUITests */,
			);
		};
/* End PBXProject section */

/* Begin PBXResourcesBuildPhase section */
		17EA3A902613A59100912D0B /* Resources */ = {
			isa = PBXResourcesBuildPhase;
			buildActionMask = 2147483647;
			files = (
				17EA3B4B2613B66700912D0B /* Raleway-SemiBold.ttf in Resources */,
				17EA3B2F2613B65200912D0B /* Raleway-ExtraLightItalic.ttf in Resources */,
				17EA3B3F2613B65D00912D0B /* Raleway-Medium.ttf in Resources */,
				17EA3B1B2613B64100912D0B /* Raleway-Bold.ttf in Resources */,
				17EA3B3B2613B65A00912D0B /* Raleway-LightItalic.ttf in Resources */,
				17EA3B4F2613B66A00912D0B /* Raleway-SemiBoldItalic.ttf in Resources */,
				17EA3B532613B66E00912D0B /* Raleway-Thin.ttf in Resources */,
				17EA3AA22613A59200912D0B /* LaunchScreen.storyboard in Resources */,
				17EA3B372613B65700912D0B /* Raleway-Light.ttf in Resources */,
				17EA3A9F2613A59200912D0B /* Assets.xcassets in Resources */,
				17EA3B1F2613B64400912D0B /* Raleway-BoldItalic.ttf in Resources */,
				17EA3B332613B65400912D0B /* Raleway-Italic.ttf in Resources */,
				17EA3B172613B63E00912D0B /* Raleway-BlackItalic.ttf in Resources */,
				17EA3A9D2613A59100912D0B /* Main.storyboard in Resources */,
				17EA3B272613B64C00912D0B /* Raleway-ExtraBoldItalic.ttf in Resources */,
				17EA3B572613B67200912D0B /* Raleway-ThinItalic.ttf in Resources */,
				17EA3B232613B64800912D0B /* Raleway-ExtraBold.ttf in Resources */,
				17EA3B472613B66300912D0B /* Raleway-Regular.ttf in Resources */,
				17EA3B2B2613B64F00912D0B /* Raleway-ExtraLight.ttf in Resources */,
				17EA3AC92613B45700912D0B /* fondo_gris.jpg in Resources */,
				17EA3B132613B63800912D0B /* Raleway-Black.ttf in Resources */,
				17EA3B432613B66000912D0B /* Raleway-MediumItalic.ttf in Resources */,
			);
			runOnlyForDeploymentPostprocessing = 0;
		};
		17EA3AA62613A59200912D0B /* Resources */ = {
			isa = PBXResourcesBuildPhase;
			buildActionMask = 2147483647;
			files = (
			);
			runOnlyForDeploymentPostprocessing = 0;
		};
		17EA3AB12613A59200912D0B /* Resources */ = {
			isa = PBXResourcesBuildPhase;
			buildActionMask = 2147483647;
			files = (
			);
			runOnlyForDeploymentPostprocessing = 0;
		};
/* End PBXResourcesBuildPhase section */

/* Begin PBXShellScriptBuildPhase section */
		216FDB71AE5D3851AF30BF32 /* [CP] Check Pods Manifest.lock */ = {
			isa = PBXShellScriptBuildPhase;
			buildActionMask = 2147483647;
			files = (
			);
			inputFileListPaths = (
			);
			inputPaths = (
				"${PODS_PODFILE_DIR_PATH}/Podfile.lock",
				"${PODS_ROOT}/Manifest.lock",
			);
			name = "[CP] Check Pods Manifest.lock";
			outputFileListPaths = (
			);
			outputPaths = (
				"$(DERIVED_FILE_DIR)/Pods-SeguridApp-checkManifestLockResult.txt",
			);
			runOnlyForDeploymentPostprocessing = 0;
			shellPath = /bin/sh;
			shellScript = "diff \"${PODS_PODFILE_DIR_PATH}/Podfile.lock\" \"${PODS_ROOT}/Manifest.lock\" > /dev/null\nif [ $? != 0 ] ; then\n    # print error to STDERR\n    echo \"error: The sandbox is not in sync with the Podfile.lock. Run 'pod install' or update your CocoaPods installation.\" >&2\n    exit 1\nfi\n# This output is used by Xcode 'outputs' to avoid re-running this script phase.\necho \"SUCCESS\" > \"${SCRIPT_OUTPUT_FILE_0}\"\n";
			showEnvVarsInLog = 0;
		};
		677CECDF3F6D029757A8909C /* [CP] Embed Pods Frameworks */ = {
			isa = PBXShellScriptBuildPhase;
			buildActionMask = 2147483647;
			files = (
			);
			inputFileListPaths = (
				"${PODS_ROOT}/Target Support Files/Pods-SeguridApp-SeguridAppUITests/Pods-SeguridApp-SeguridAppUITests-frameworks-${CONFIGURATION}-input-files.xcfilelist",
			);
			name = "[CP] Embed Pods Frameworks";
			outputFileListPaths = (
				"${PODS_ROOT}/Target Support Files/Pods-SeguridApp-SeguridAppUITests/Pods-SeguridApp-SeguridAppUITests-frameworks-${CONFIGURATION}-output-files.xcfilelist",
			);
			runOnlyForDeploymentPostprocessing = 0;
			shellPath = /bin/sh;
			shellScript = "\"${PODS_ROOT}/Target Support Files/Pods-SeguridApp-SeguridAppUITests/Pods-SeguridApp-SeguridAppUITests-frameworks.sh\"\n";
			showEnvVarsInLog = 0;
		};
		A6B2D0F1A319FE6D4BCB368D /* [CP] Check Pods Manifest.lock */ = {
			isa = PBXShellScriptBuildPhase;
			buildActionMask = 2147483647;
			files = (
			);
			inputFileListPaths = (
			);
			inputPaths = (
				"${PODS_PODFILE_DIR_PATH}/Podfile.lock",
				"${PODS_ROOT}/Manifest.lock",
			);
			name = "[CP] Check Pods Manifest.lock";
			outputFileListPaths = (
			);
			outputPaths = (
				"$(DERIVED_FILE_DIR)/Pods-SeguridAppTests-checkManifestLockResult.txt",
			);
			runOnlyForDeploymentPostprocessing = 0;
			shellPath = /bin/sh;
			shellScript = "diff \"${PODS_PODFILE_DIR_PATH}/Podfile.lock\" \"${PODS_ROOT}/Manifest.lock\" > /dev/null\nif [ $? != 0 ] ; then\n    # print error to STDERR\n    echo \"error: The sandbox is not in sync with the Podfile.lock. Run 'pod install' or update your CocoaPods installation.\" >&2\n    exit 1\nfi\n# This output is used by Xcode 'outputs' to avoid re-running this script phase.\necho \"SUCCESS\" > \"${SCRIPT_OUTPUT_FILE_0}\"\n";
			showEnvVarsInLog = 0;
		};
		AFD7343BDB690B5459FB305F /* [CP] Check Pods Manifest.lock */ = {
			isa = PBXShellScriptBuildPhase;
			buildActionMask = 2147483647;
			files = (
			);
			inputFileListPaths = (
			);
			inputPaths = (
				"${PODS_PODFILE_DIR_PATH}/Podfile.lock",
				"${PODS_ROOT}/Manifest.lock",
			);
			name = "[CP] Check Pods Manifest.lock";
			outputFileListPaths = (
			);
			outputPaths = (
				"$(DERIVED_FILE_DIR)/Pods-SeguridApp-SeguridAppUITests-checkManifestLockResult.txt",
			);
			runOnlyForDeploymentPostprocessing = 0;
			shellPath = /bin/sh;
			shellScript = "diff \"${PODS_PODFILE_DIR_PATH}/Podfile.lock\" \"${PODS_ROOT}/Manifest.lock\" > /dev/null\nif [ $? != 0 ] ; then\n    # print error to STDERR\n    echo \"error: The sandbox is not in sync with the Podfile.lock. Run 'pod install' or update your CocoaPods installation.\" >&2\n    exit 1\nfi\n# This output is used by Xcode 'outputs' to avoid re-running this script phase.\necho \"SUCCESS\" > \"${SCRIPT_OUTPUT_FILE_0}\"\n";
			showEnvVarsInLog = 0;
		};
		E63BDAB7111F646E3AA0705E /* [CP] Embed Pods Frameworks */ = {
			isa = PBXShellScriptBuildPhase;
			buildActionMask = 2147483647;
			files = (
			);
			inputFileListPaths = (
				"${PODS_ROOT}/Target Support Files/Pods-SeguridApp/Pods-SeguridApp-frameworks-${CONFIGURATION}-input-files.xcfilelist",
			);
			name = "[CP] Embed Pods Frameworks";
			outputFileListPaths = (
				"${PODS_ROOT}/Target Support Files/Pods-SeguridApp/Pods-SeguridApp-frameworks-${CONFIGURATION}-output-files.xcfilelist",
			);
			runOnlyForDeploymentPostprocessing = 0;
			shellPath = /bin/sh;
			shellScript = "\"${PODS_ROOT}/Target Support Files/Pods-SeguridApp/Pods-SeguridApp-frameworks.sh\"\n";
			showEnvVarsInLog = 0;
		};
/* End PBXShellScriptBuildPhase section */

/* Begin PBXSourcesBuildPhase section */
		17EA3A8E2613A59100912D0B /* Sources */ = {
			isa = PBXSourcesBuildPhase;
			buildActionMask = 2147483647;
			files = (
				17590C862623DC870084F3FF /* AjustesViewController.swift in Sources */,
				173B73552622D9DE00A3AA5C /* ScannerViewController.swift in Sources */,
				173B73192622813700A3AA5C /* MenuViewController.swift in Sources */,
				17EA3A962613A59100912D0B /* AppDelegate.swift in Sources */,
				17590C772623DC1F0084F3FF /* SideMenu.swift in Sources */,
				173B732A2622A1F300A3AA5C /* Message.swift in Sources */,
				17EA3A982613A59100912D0B /* SceneDelegate.swift in Sources */,
				173B7322262290E700A3AA5C /* Scanner.swift in Sources */,
				17590C7C2623DC6B0084F3FF /* SensoresViewController.swift in Sources */,
				17590C812623DC780084F3FF /* LocacionesViewController.swift in Sources */,
				173B73492622CC5C00A3AA5C /* HomeViewController.swift in Sources */,
			);
			runOnlyForDeploymentPostprocessing = 0;
		};
		17EA3AA42613A59200912D0B /* Sources */ = {
			isa = PBXSourcesBuildPhase;
			buildActionMask = 2147483647;
			files = (
				17EA3AAD2613A59200912D0B /* SeguridAppTests.swift in Sources */,
			);
			runOnlyForDeploymentPostprocessing = 0;
		};
		17EA3AAF2613A59200912D0B /* Sources */ = {
			isa = PBXSourcesBuildPhase;
			buildActionMask = 2147483647;
			files = (
				17EA3AB82613A59200912D0B /* SeguridAppUITests.swift in Sources */,
			);
			runOnlyForDeploymentPostprocessing = 0;
		};
/* End PBXSourcesBuildPhase section */

/* Begin PBXTargetDependency section */
		17EA3AAA2613A59200912D0B /* PBXTargetDependency */ = {
			isa = PBXTargetDependency;
			target = 17EA3A912613A59100912D0B /* SeguridApp */;
			targetProxy = 17EA3AA92613A59200912D0B /* PBXContainerItemProxy */;
		};
		17EA3AB52613A59200912D0B /* PBXTargetDependency */ = {
			isa = PBXTargetDependency;
			target = 17EA3A912613A59100912D0B /* SeguridApp */;
			targetProxy = 17EA3AB42613A59200912D0B /* PBXContainerItemProxy */;
		};
/* End PBXTargetDependency section */

/* Begin PBXVariantGroup section */
		17EA3A9B2613A59100912D0B /* Main.storyboard */ = {
			isa = PBXVariantGroup;
			children = (
				17EA3A9C2613A59100912D0B /* Base */,
			);
			name = Main.storyboard;
			sourceTree = "<group>";
		};
		17EA3AA02613A59200912D0B /* LaunchScreen.storyboard */ = {
			isa = PBXVariantGroup;
			children = (
				17EA3AA12613A59200912D0B /* Base */,
			);
			name = LaunchScreen.storyboard;
			sourceTree = "<group>";
		};
/* End PBXVariantGroup section */

/* Begin XCBuildConfiguration section */
		17EA3ABA2613A59200912D0B /* Debug */ = {
			isa = XCBuildConfiguration;
			buildSettings = {
				ALWAYS_SEARCH_USER_PATHS = NO;
				CLANG_ANALYZER_NONNULL = YES;
				CLANG_ANALYZER_NUMBER_OBJECT_CONVERSION = YES_AGGRESSIVE;
				CLANG_CXX_LANGUAGE_STANDARD = "gnu++14";
				CLANG_CXX_LIBRARY = "libc++";
				CLANG_ENABLE_MODULES = YES;
				CLANG_ENABLE_OBJC_ARC = YES;
				CLANG_ENABLE_OBJC_WEAK = YES;
				CLANG_WARN_BLOCK_CAPTURE_AUTORELEASING = YES;
				CLANG_WARN_BOOL_CONVERSION = YES;
				CLANG_WARN_COMMA = YES;
				CLANG_WARN_CONSTANT_CONVERSION = YES;
				CLANG_WARN_DEPRECATED_OBJC_IMPLEMENTATIONS = YES;
				CLANG_WARN_DIRECT_OBJC_ISA_USAGE = YES_ERROR;
				CLANG_WARN_DOCUMENTATION_COMMENTS = YES;
				CLANG_WARN_EMPTY_BODY = YES;
				CLANG_WARN_ENUM_CONVERSION = YES;
				CLANG_WARN_INFINITE_RECURSION = YES;
				CLANG_WARN_INT_CONVERSION = YES;
				CLANG_WARN_NON_LITERAL_NULL_CONVERSION = YES;
				CLANG_WARN_OBJC_IMPLICIT_RETAIN_SELF = YES;
				CLANG_WARN_OBJC_LITERAL_CONVERSION = YES;
				CLANG_WARN_OBJC_ROOT_CLASS = YES_ERROR;
				CLANG_WARN_QUOTED_INCLUDE_IN_FRAMEWORK_HEADER = YES;
				CLANG_WARN_RANGE_LOOP_ANALYSIS = YES;
				CLANG_WARN_STRICT_PROTOTYPES = YES;
				CLANG_WARN_SUSPICIOUS_MOVE = YES;
				CLANG_WARN_UNGUARDED_AVAILABILITY = YES_AGGRESSIVE;
				CLANG_WARN_UNREACHABLE_CODE = YES;
				CLANG_WARN__DUPLICATE_METHOD_MATCH = YES;
				COPY_PHASE_STRIP = NO;
				DEBUG_INFORMATION_FORMAT = dwarf;
				ENABLE_STRICT_OBJC_MSGSEND = YES;
				ENABLE_TESTABILITY = YES;
				GCC_C_LANGUAGE_STANDARD = gnu11;
				GCC_DYNAMIC_NO_PIC = NO;
				GCC_NO_COMMON_BLOCKS = YES;
				GCC_OPTIMIZATION_LEVEL = 0;
				GCC_PREPROCESSOR_DEFINITIONS = (
					"DEBUG=1",
					"$(inherited)",
				);
				GCC_WARN_64_TO_32_BIT_CONVERSION = YES;
				GCC_WARN_ABOUT_RETURN_TYPE = YES_ERROR;
				GCC_WARN_UNDECLARED_SELECTOR = YES;
				GCC_WARN_UNINITIALIZED_AUTOS = YES_AGGRESSIVE;
				GCC_WARN_UNUSED_FUNCTION = YES;
				GCC_WARN_UNUSED_VARIABLE = YES;
				IPHONEOS_DEPLOYMENT_TARGET = 14.4;
				MTL_ENABLE_DEBUG_INFO = INCLUDE_SOURCE;
				MTL_FAST_MATH = YES;
				ONLY_ACTIVE_ARCH = YES;
				SDKROOT = iphoneos;
				SWIFT_ACTIVE_COMPILATION_CONDITIONS = DEBUG;
				SWIFT_OPTIMIZATION_LEVEL = "-Onone";
			};
			name = Debug;
		};
		17EA3ABB2613A59200912D0B /* Release */ = {
			isa = XCBuildConfiguration;
			buildSettings = {
				ALWAYS_SEARCH_USER_PATHS = NO;
				CLANG_ANALYZER_NONNULL = YES;
				CLANG_ANALYZER_NUMBER_OBJECT_CONVERSION = YES_AGGRESSIVE;
				CLANG_CXX_LANGUAGE_STANDARD = "gnu++14";
				CLANG_CXX_LIBRARY = "libc++";
				CLANG_ENABLE_MODULES = YES;
				CLANG_ENABLE_OBJC_ARC = YES;
				CLANG_ENABLE_OBJC_WEAK = YES;
				CLANG_WARN_BLOCK_CAPTURE_AUTORELEASING = YES;
				CLANG_WARN_BOOL_CONVERSION = YES;
				CLANG_WARN_COMMA = YES;
				CLANG_WARN_CONSTANT_CONVERSION = YES;
				CLANG_WARN_DEPRECATED_OBJC_IMPLEMENTATIONS = YES;
				CLANG_WARN_DIRECT_OBJC_ISA_USAGE = YES_ERROR;
				CLANG_WARN_DOCUMENTATION_COMMENTS = YES;
				CLANG_WARN_EMPTY_BODY = YES;
				CLANG_WARN_ENUM_CONVERSION = YES;
				CLANG_WARN_INFINITE_RECURSION = YES;
				CLANG_WARN_INT_CONVERSION = YES;
				CLANG_WARN_NON_LITERAL_NULL_CONVERSION = YES;
				CLANG_WARN_OBJC_IMPLICIT_RETAIN_SELF = YES;
				CLANG_WARN_OBJC_LITERAL_CONVERSION = YES;
				CLANG_WARN_OBJC_ROOT_CLASS = YES_ERROR;
				CLANG_WARN_QUOTED_INCLUDE_IN_FRAMEWORK_HEADER = YES;
				CLANG_WARN_RANGE_LOOP_ANALYSIS = YES;
				CLANG_WARN_STRICT_PROTOTYPES = YES;
				CLANG_WARN_SUSPICIOUS_MOVE = YES;
				CLANG_WARN_UNGUARDED_AVAILABILITY = YES_AGGRESSIVE;
				CLANG_WARN_UNREACHABLE_CODE = YES;
				CLANG_WARN__DUPLICATE_METHOD_MATCH = YES;
				COPY_PHASE_STRIP = NO;
				DEBUG_INFORMATION_FORMAT = "dwarf-with-dsym";
				ENABLE_NS_ASSERTIONS = NO;
				ENABLE_STRICT_OBJC_MSGSEND = YES;
				GCC_C_LANGUAGE_STANDARD = gnu11;
				GCC_NO_COMMON_BLOCKS = YES;
				GCC_WARN_64_TO_32_BIT_CONVERSION = YES;
				GCC_WARN_ABOUT_RETURN_TYPE = YES_ERROR;
				GCC_WARN_UNDECLARED_SELECTOR = YES;
				GCC_WARN_UNINITIALIZED_AUTOS = YES_AGGRESSIVE;
				GCC_WARN_UNUSED_FUNCTION = YES;
				GCC_WARN_UNUSED_VARIABLE = YES;
				IPHONEOS_DEPLOYMENT_TARGET = 14.4;
				MTL_ENABLE_DEBUG_INFO = NO;
				MTL_FAST_MATH = YES;
				SDKROOT = iphoneos;
				SWIFT_COMPILATION_MODE = wholemodule;
				SWIFT_OPTIMIZATION_LEVEL = "-O";
				VALIDATE_PRODUCT = YES;
			};
			name = Release;
		};
		17EA3ABD2613A59200912D0B /* Debug */ = {
			isa = XCBuildConfiguration;
			baseConfigurationReference = A29A9E7E708F9ADA7DAF679A /* Pods-SeguridApp.debug.xcconfig */;
			buildSettings = {
				ASSETCATALOG_COMPILER_APPICON_NAME = AppIcon;
				ASSETCATALOG_COMPILER_GLOBAL_ACCENT_COLOR_NAME = AccentColor;
				CODE_SIGN_STYLE = Automatic;
				DEVELOPMENT_TEAM = HP8UCH6BR3;
				INFOPLIST_FILE = SeguridApp/Info.plist;
				LD_RUNPATH_SEARCH_PATHS = (
					"$(inherited)",
					"@executable_path/Frameworks",
				);
				PRODUCT_BUNDLE_IDENTIFIER = com.UTT.SeguridApp;
				PRODUCT_NAME = "$(TARGET_NAME)";
				SWIFT_VERSION = 5.0;
				TARGETED_DEVICE_FAMILY = "1,2";
			};
			name = Debug;
		};
		17EA3ABE2613A59200912D0B /* Release */ = {
			isa = XCBuildConfiguration;
			baseConfigurationReference = AA32A6D06CEC142FE17AC21A /* Pods-SeguridApp.release.xcconfig */;
			buildSettings = {
				ASSETCATALOG_COMPILER_APPICON_NAME = AppIcon;
				ASSETCATALOG_COMPILER_GLOBAL_ACCENT_COLOR_NAME = AccentColor;
				CODE_SIGN_STYLE = Automatic;
				DEVELOPMENT_TEAM = HP8UCH6BR3;
				INFOPLIST_FILE = SeguridApp/Info.plist;
				LD_RUNPATH_SEARCH_PATHS = (
					"$(inherited)",
					"@executable_path/Frameworks",
				);
				PRODUCT_BUNDLE_IDENTIFIER = com.UTT.SeguridApp;
				PRODUCT_NAME = "$(TARGET_NAME)";
				SWIFT_VERSION = 5.0;
				TARGETED_DEVICE_FAMILY = "1,2";
			};
			name = Release;
		};
		17EA3AC02613A59200912D0B /* Debug */ = {
			isa = XCBuildConfiguration;
			baseConfigurationReference = 96373F5338DEC7AACE80CAA7 /* Pods-SeguridAppTests.debug.xcconfig */;
			buildSettings = {
				ALWAYS_EMBED_SWIFT_STANDARD_LIBRARIES = YES;
				BUNDLE_LOADER = "$(TEST_HOST)";
				CODE_SIGN_STYLE = Automatic;
				DEVELOPMENT_TEAM = HP8UCH6BR3;
				INFOPLIST_FILE = SeguridAppTests/Info.plist;
				IPHONEOS_DEPLOYMENT_TARGET = 14.4;
				LD_RUNPATH_SEARCH_PATHS = (
					"$(inherited)",
					"@executable_path/Frameworks",
					"@loader_path/Frameworks",
				);
				PRODUCT_BUNDLE_IDENTIFIER = com.UTT.SeguridAppTests;
				PRODUCT_NAME = "$(TARGET_NAME)";
				SWIFT_VERSION = 5.0;
				TARGETED_DEVICE_FAMILY = "1,2";
				TEST_HOST = "$(BUILT_PRODUCTS_DIR)/SeguridApp.app/SeguridApp";
			};
			name = Debug;
		};
		17EA3AC12613A59200912D0B /* Release */ = {
			isa = XCBuildConfiguration;
			baseConfigurationReference = 9F7B215B345F0FCF0899F565 /* Pods-SeguridAppTests.release.xcconfig */;
			buildSettings = {
				ALWAYS_EMBED_SWIFT_STANDARD_LIBRARIES = YES;
				BUNDLE_LOADER = "$(TEST_HOST)";
				CODE_SIGN_STYLE = Automatic;
				DEVELOPMENT_TEAM = HP8UCH6BR3;
				INFOPLIST_FILE = SeguridAppTests/Info.plist;
				IPHONEOS_DEPLOYMENT_TARGET = 14.4;
				LD_RUNPATH_SEARCH_PATHS = (
					"$(inherited)",
					"@executable_path/Frameworks",
					"@loader_path/Frameworks",
				);
				PRODUCT_BUNDLE_IDENTIFIER = com.UTT.SeguridAppTests;
				PRODUCT_NAME = "$(TARGET_NAME)";
				SWIFT_VERSION = 5.0;
				TARGETED_DEVICE_FAMILY = "1,2";
				TEST_HOST = "$(BUILT_PRODUCTS_DIR)/SeguridApp.app/SeguridApp";
			};
			name = Release;
		};
		17EA3AC32613A59200912D0B /* Debug */ = {
			isa = XCBuildConfiguration;
			baseConfigurationReference = 966F05784650D0D0230DB128 /* Pods-SeguridApp-SeguridAppUITests.debug.xcconfig */;
			buildSettings = {
				ALWAYS_EMBED_SWIFT_STANDARD_LIBRARIES = YES;
				CODE_SIGN_STYLE = Automatic;
				DEVELOPMENT_TEAM = HP8UCH6BR3;
				INFOPLIST_FILE = SeguridAppUITests/Info.plist;
				LD_RUNPATH_SEARCH_PATHS = (
					"$(inherited)",
					"@executable_path/Frameworks",
					"@loader_path/Frameworks",
				);
				PRODUCT_BUNDLE_IDENTIFIER = com.UTT.SeguridAppUITests;
				PRODUCT_NAME = "$(TARGET_NAME)";
				SWIFT_VERSION = 5.0;
				TARGETED_DEVICE_FAMILY = "1,2";
				TEST_TARGET_NAME = SeguridApp;
			};
			name = Debug;
		};
		17EA3AC42613A59200912D0B /* Release */ = {
			isa = XCBuildConfiguration;
			baseConfigurationReference = C8E7FA897618CC6710BB75E3 /* Pods-SeguridApp-SeguridAppUITests.release.xcconfig */;
			buildSettings = {
				ALWAYS_EMBED_SWIFT_STANDARD_LIBRARIES = YES;
				CODE_SIGN_STYLE = Automatic;
				DEVELOPMENT_TEAM = HP8UCH6BR3;
				INFOPLIST_FILE = SeguridAppUITests/Info.plist;
				LD_RUNPATH_SEARCH_PATHS = (
					"$(inherited)",
					"@executable_path/Frameworks",
					"@loader_path/Frameworks",
				);
				PRODUCT_BUNDLE_IDENTIFIER = com.UTT.SeguridAppUITests;
				PRODUCT_NAME = "$(TARGET_NAME)";
				SWIFT_VERSION = 5.0;
				TARGETED_DEVICE_FAMILY = "1,2";
				TEST_TARGET_NAME = SeguridApp;
			};
			name = Release;
		};
/* End XCBuildConfiguration section */

/* Begin XCConfigurationList section */
		17EA3A8D2613A59100912D0B /* Build configuration list for PBXProject "SeguridApp" */ = {
			isa = XCConfigurationList;
			buildConfigurations = (
				17EA3ABA2613A59200912D0B /* Debug */,
				17EA3ABB2613A59200912D0B /* Release */,
			);
			defaultConfigurationIsVisible = 0;
			defaultConfigurationName = Release;
		};
		17EA3ABC2613A59200912D0B /* Build configuration list for PBXNativeTarget "SeguridApp" */ = {
			isa = XCConfigurationList;
			buildConfigurations = (
				17EA3ABD2613A59200912D0B /* Debug */,
				17EA3ABE2613A59200912D0B /* Release */,
			);
			defaultConfigurationIsVisible = 0;
			defaultConfigurationName = Release;
		};
		17EA3ABF2613A59200912D0B /* Build configuration list for PBXNativeTarget "SeguridAppTests" */ = {
			isa = XCConfigurationList;
			buildConfigurations = (
				17EA3AC02613A59200912D0B /* Debug */,
				17EA3AC12613A59200912D0B /* Release */,
			);
			defaultConfigurationIsVisible = 0;
			defaultConfigurationName = Release;
		};
		17EA3AC22613A59200912D0B /* Build configuration list for PBXNativeTarget "SeguridAppUITests" */ = {
			isa = XCConfigurationList;
			buildConfigurations = (
				17EA3AC32613A59200912D0B /* Debug */,
				17EA3AC42613A59200912D0B /* Release */,
			);
			defaultConfigurationIsVisible = 0;
			defaultConfigurationName = Release;
		};
/* End XCConfigurationList section */
	};
	rootObject = 17EA3A8A2613A59100912D0B /* Project object */;
}
